<?xml version="1.0" encoding="utf-8"?>
<Project ToolsVersion="4.0" xmlns="http://schemas.microsoft.com/developer/msbuild/2003">
  <ItemGroup>
    <Filter Include="Source Files">
      <UniqueIdentifier>{4FC737F1-C7A5-4376-A066-2A32D752A2FF}</UniqueIdentifier>
      <Extensions>cpp;c;cc;cxx;def;odl;idl;hpj;bat;asm;asmx</Extensions>
    </Filter>
    <Filter Include="Header Files">
      <UniqueIdentifier>{93995380-89BD-4b04-88EB-625FBE52EBFB}</UniqueIdentifier>
      <Extensions>h;hh;hpp;hxx;hm;inl;inc;xsd</Extensions>
    </Filter>
    <Filter Include="Resource Files">
      <UniqueIdentifier>{67DA6AB6-F800-4c08-8B7A-83BB121AAD01}</UniqueIdentifier>
      <Extensions>rc;ico;cur;bmp;dlg;rc2;rct;bin;rgs;gif;jpg;jpeg;jpe;resx;tiff;tif;png;wav;mfcribbon-ms</Extensions>
    </Filter>
    <Filter Include="Shaders">
      <UniqueIdentifier>{8d576f4c-7a5d-44c7-af4e-ec9d1b3aba0e}</UniqueIdentifier>
    </Filter>
    <Filter Include="Levels">
      <UniqueIdentifier>{750d0edd-6237-4415-8e78-2639b55a696f}</UniqueIdentifier>
    </Filter>
    <Filter Include="Textures">
      <UniqueIdentifier>{3aab8abd-630d-4034-9580-0c55c3d1aae2}</UniqueIdentifier>
    </Filter>
    <Filter Include="Sound">
      <UniqueIdentifier>{2a1f69d8-8ca0-4b1b-a640-a848de66d71c}</UniqueIdentifier>
    </Filter>
    <Filter Include="Fonts">
      <UniqueIdentifier>{caa06399-80eb-4b81-b2d3-3e84f5e166f5}</UniqueIdentifier>
    </Filter>
  </ItemGroup>
  <ItemGroup>
    <ClCompile Include="MainGame.cpp">
      <Filter>Source Files</Filter>
    </ClCompile>
    <ClCompile Include="main.cpp">
      <Filter>Source Files</Filter>
    </ClCompile>
    <ClCompile Include="Bullet.cpp">
      <Filter>Source Files</Filter>
    </ClCompile>
    <ClCompile Include="World.cpp">
      <Filter>Source Files</Filter>
    </ClCompile>
    <ClCompile Include="Human.cpp">
      <Filter>Source Files</Filter>
    </ClCompile>
    <ClCompile Include="Zombie.cpp">
      <Filter>Source Files</Filter>
    </ClCompile>
  </ItemGroup>
  <ItemGroup>
    <ClInclude Include="MainGame.h">
      <Filter>Header Files</Filter>
    </ClInclude>
    <ClInclude Include="Bullet.h">
      <Filter>Header Files</Filter>
    </ClInclude>
    <ClInclude Include="World.h">
      <Filter>Header Files</Filter>
    </ClInclude>
    <ClInclude Include="Human.h">
      <Filter>Header Files</Filter>
    </ClInclude>
    <ClInclude Include="Zombie.h">
      <Filter>Header Files</Filter>
    </ClInclude>
  </ItemGroup>
  <ItemGroup>
    <None Include="Shaders\textureShading.frag">
      <Filter>Shaders</Filter>
    </None>
    <None Include="Shaders\textureShading.vert">
      <Filter>Shaders</Filter>
    </None>
  </ItemGroup>
  <ItemGroup>
    <Text Include="Levels\level1.txt">
      <Filter>Levels</Filter>
    </Text>
    <Text Include="Textures\credits.txt">
      <Filter>Textures</Filter>
    </Text>
  </ItemGroup>
  <ItemGroup>
    <Image Include="Textures\circle.png">
      <Filter>Textures</Filter>
    </Image>
    <Image Include="Textures\glass.png">
      <Filter>Textures</Filter>
    </Image>
    <Image Include="Textures\light_bricks.png">
      <Filter>Textures</Filter>
    </Image>
    <Image Include="Textures\red_bricks.png">
      <Filter>Textures</Filter>
    </Image>
    <Image Include="Textures\particle.png">
      <Filter>Textures</Filter>
    </Image>
  </ItemGroup>
  <ItemGroup>
    <Media Include="Sound\hoc.wav">
      <Filter>Sound</Filter>
    </Media>
    <Media Include="Sound\gun.mp3">
      <Filter>Sound</Filter>
    </Media>
    <Media Include="Sound\hoc.mp3">
      <Filter>Sound</Filter>
    </Media>
  </ItemGroup>
  <ItemGroup>
    <Font Include="Fonts\Artesania Display.ttf">
      <Filter>Fonts</Filter>
    </Font>
  </ItemGroup>
</Project>